
Microsoft Visual Studio Solution File, Format Version 12.00
# Visual Studio Version 17
VisualStudioVersion = 17.0.32014.148
MinimumVisualStudioVersion = 10.0.40219.1
Project("{9A19103F-16F7-4668-BE54-9A1E7A4F7556}") = "TinyGames", "TinyGames\TinyGames.csproj", "{E434C5E1-4806-4931-9969-E863DEC8806B}"
EndProject
Project("{9A19103F-16F7-4668-BE54-9A1E7A4F7556}") = "TinyGames.Engine", "TinyGames.Engine\TinyGames.Engine.csproj", "{6A652DEB-93DE-4862-A14A-EEB907196BA7}"
EndProject
Project("{9A19103F-16F7-4668-BE54-9A1E7A4F7556}") = "TinyGames.Engine.Graphics", "TinyGames.Engine.Graphics\TinyGames.Engine.Graphics.csproj", "{E26B6D6D-7C2F-4F7F-9A4D-0D5E7E117728}"
	ProjectSection(ProjectDependencies) = postProject
		{6A652DEB-93DE-4862-A14A-EEB907196BA7} = {6A652DEB-93DE-4862-A14A-EEB907196BA7}
	EndProjectSection
EndProject
Project("{9A19103F-16F7-4668-BE54-9A1E7A4F7556}") = "TinyGames.Engine.Collisions", "TinyGames.Engine.Collisions\TinyGames.Engine.Collisions.csproj", "{48245527-1A27-4B5E-83F7-1A543057114B}"
EndProject
Project("{9A19103F-16F7-4668-BE54-9A1E7A4F7556}") = "Tinygames.Engine.Scenes", "Tinygames.Engine.Scenes\Tinygames.Engine.Scenes.csproj", "{93FB4E84-9117-405B-8AB9-387181A883C8}"
EndProject
Project("{9A19103F-16F7-4668-BE54-9A1E7A4F7556}") = "Cryptica", "Cryptica\Cryptica.csproj", "{9894461E-483A-404D-A965-426E52F3E14F}"
EndProject
Project("{9A19103F-16F7-4668-BE54-9A1E7A4F7556}") = "StudentBikeGame", "StudentBikeGame\StudentBikeGame.csproj", "{09E43305-05D3-4D7D-B6A1-5C8A758B3053}"
EndProject
Global
	GlobalSection(SolutionConfigurationPlatforms) = preSolution
		Debug|Any CPU = Debug|Any CPU
		Release|Any CPU = Release|Any CPU
	EndGlobalSection
	GlobalSection(ProjectConfigurationPlatforms) = postSolution
		{E434C5E1-4806-4931-9969-E863DEC8806B}.Debug|Any CPU.ActiveCfg = Debug|Any CPU
		{E434C5E1-4806-4931-9969-E863DEC8806B}.Debug|Any CPU.Build.0 = Debug|Any CPU
		{E434C5E1-4806-4931-9969-E863DEC8806B}.Release|Any CPU.ActiveCfg = Release|Any CPU
		{E434C5E1-4806-4931-9969-E863DEC8806B}.Release|Any CPU.Build.0 = Release|Any CPU
		{6A652DEB-93DE-4862-A14A-EEB907196BA7}.Debug|Any CPU.ActiveCfg = Debug|Any CPU
		{6A652DEB-93DE-4862-A14A-EEB907196BA7}.Debug|Any CPU.Build.0 = Debug|Any CPU
		{6A652DEB-93DE-4862-A14A-EEB907196BA7}.Release|Any CPU.ActiveCfg = Release|Any CPU
		{6A652DEB-93DE-4862-A14A-EEB907196BA7}.Release|Any CPU.Build.0 = Release|Any CPU
		{E26B6D6D-7C2F-4F7F-9A4D-0D5E7E117728}.Debug|Any CPU.ActiveCfg = Debug|Any CPU
		{E26B6D6D-7C2F-4F7F-9A4D-0D5E7E117728}.Debug|Any CPU.Build.0 = Debug|Any CPU
		{E26B6D6D-7C2F-4F7F-9A4D-0D5E7E117728}.Release|Any CPU.ActiveCfg = Release|Any CPU
		{E26B6D6D-7C2F-4F7F-9A4D-0D5E7E117728}.Release|Any CPU.Build.0 = Release|Any CPU
		{48245527-1A27-4B5E-83F7-1A543057114B}.Debug|Any CPU.ActiveCfg = Debug|Any CPU
		{48245527-1A27-4B5E-83F7-1A543057114B}.Debug|Any CPU.Build.0 = Debug|Any CPU
		{48245527-1A27-4B5E-83F7-1A543057114B}.Release|Any CPU.ActiveCfg = Release|Any CPU
		{48245527-1A27-4B5E-83F7-1A543057114B}.Release|Any CPU.Build.0 = Release|Any CPU
		{93FB4E84-9117-405B-8AB9-387181A883C8}.Debug|Any CPU.ActiveCfg = Debug|Any CPU
		{93FB4E84-9117-405B-8AB9-387181A883C8}.Debug|Any CPU.Build.0 = Debug|Any CPU
		{93FB4E84-9117-405B-8AB9-387181A883C8}.Release|Any CPU.ActiveCfg = Release|Any CPU
		{93FB4E84-9117-405B-8AB9-387181A883C8}.Release|Any CPU.Build.0 = Release|Any CPU
		{9894461E-483A-404D-A965-426E52F3E14F}.Debug|Any CPU.ActiveCfg = Debug|Any CPU
		{9894461E-483A-404D-A965-426E52F3E14F}.Debug|Any CPU.Build.0 = Debug|Any CPU
		{9894461E-483A-404D-A965-426E52F3E14F}.Release|Any CPU.ActiveCfg = Release|Any CPU
		{9894461E-483A-404D-A965-426E52F3E14F}.Release|Any CPU.Build.0 = Release|Any CPU
		{09E43305-05D3-4D7D-B6A1-5C8A758B3053}.Debug|Any CPU.ActiveCfg = Debug|Any CPU
		{09E43305-05D3-4D7D-B6A1-5C8A758B3053}.Debug|Any CPU.Build.0 = Debug|Any CPU
		{09E43305-05D3-4D7D-B6A1-5C8A758B3053}.Release|Any CPU.ActiveCfg = Release|Any CPU
		{09E43305-05D3-4D7D-B6A1-5C8A758B3053}.Release|Any CPU.Build.0 = Release|Any CPU
	EndGlobalSection
	GlobalSection(SolutionProperties) = preSolution
		HideSolutionNode = FALSE
	EndGlobalSection
	GlobalSection(ExtensibilityGlobals) = postSolution
		SolutionGuid = {20485DC7-800C-41DB-B866-F04420DA72BC}
	EndGlobalSection
EndGlobal
